<Solution>
  <Project Path="AthloTrack.Android/AthloTrack.Android.csproj">
    <Deploy />
  </Project>
  <Project Path="AthloTrack.Browser/AthloTrack.Browser.csproj" />
  <Project Path="AthloTrack.Core/AthloTrack.Core.csproj" />
  <Project Path="AthloTrack.Desktop/AthloTrack.Desktop.csproj" />
  <Project Path="AthloTrack/AthloTrack.csproj" />
</Solution>
